
Microsoft Visual Studio Solution File, Format Version 12.00
# Visual Studio Version 17
VisualStudioVersion = 17.3.32819.101
MinimumVisualStudioVersion = 10.0.40219.1
Project("{FAE04EC0-301F-11D3-BF4B-00C04F79EFBC}") = "Fake-ctrip.API", "Fake-ctrip.API\Fake-ctrip.API.csproj", "{C1D1B7C9-9CEE-4820-BE05-EE814825C0F6}"
EndProject
Global
	GlobalSection(SolutionConfigurationPlatforms) = preSolution
		Debug|Any CPU = Debug|Any CPU
		Release|Any CPU = Release|Any CPU
	EndGlobalSection
	GlobalSection(ProjectConfigurationPlatforms) = postSolution
		{C1D1B7C9-9CEE-4820-BE05-EE814825C0F6}.Debug|Any CPU.ActiveCfg = Debug|Any CPU
		{C1D1B7C9-9CEE-4820-BE05-EE814825C0F6}.Debug|Any CPU.Build.0 = Debug|Any CPU
		{C1D1B7C9-9CEE-4820-BE05-EE814825C0F6}.Release|Any CPU.ActiveCfg = Release|Any CPU
		{C1D1B7C9-9CEE-4820-BE05-EE814825C0F6}.Release|Any CPU.Build.0 = Release|Any CPU
	EndGlobalSection
	GlobalSection(SolutionProperties) = preSolution
		HideSolutionNode = FALSE
	EndGlobalSection
	GlobalSection(ExtensibilityGlobals) = postSolution
		SolutionGuid = {EE66DAFA-1404-47CF-B548-D71A725C3DCD}
	EndGlobalSection
EndGlobal
